
Microsoft Visual Studio Solution File, Format Version 12.00
# Visual Studio Version 17
VisualStudioVersion = 17.7.34221.43
MinimumVisualStudioVersion = 10.0.40219.1
Project("{FAE04EC0-301F-11D3-BF4B-00C04F79EFBC}") = "TedsGym", "MasterFile\TedsGym.csproj", "{6A7004C1-35EE-4093-B4BF-47FC5DA22EB1}"
EndProject
Global
	GlobalSection(SolutionConfigurationPlatforms) = preSolution
		Debug|Any CPU = Debug|Any CPU
		Release|Any CPU = Release|Any CPU
	EndGlobalSection
	GlobalSection(ProjectConfigurationPlatforms) = postSolution
		{6A7004C1-35EE-4093-B4BF-47FC5DA22EB1}.Debug|Any CPU.ActiveCfg = Debug|Any CPU
		{6A7004C1-35EE-4093-B4BF-47FC5DA22EB1}.Debug|Any CPU.Build.0 = Debug|Any CPU
		{6A7004C1-35EE-4093-B4BF-47FC5DA22EB1}.Release|Any CPU.ActiveCfg = Release|Any CPU
		{6A7004C1-35EE-4093-B4BF-47FC5DA22EB1}.Release|Any CPU.Build.0 = Release|Any CPU
	EndGlobalSection
	GlobalSection(SolutionProperties) = preSolution
		HideSolutionNode = FALSE
	EndGlobalSection
	GlobalSection(ExtensibilityGlobals) = postSolution
		SolutionGuid = {0D5C2595-69B4-464F-AEDB-2A76ED1B4AC3}
	EndGlobalSection
EndGlobal
